PODS:
  - Alamofire (4.4.0)
  - EZAlertController (3.2)
  - Networking (3.0.3)
  - SkyFloatingLabelTextField (3.1.0)
  - TKKeyboardControl (1.0.8)
  - UIViewController+BHTKeyboardAnimationBlocks (0.0.2)

DEPENDENCIES:
  - Alamofire (~> 4.4)
  - EZAlertController (= 3.2)
  - Networking (~> 3)
  - SkyFloatingLabelTextField (~> 3.0)
  - TKKeyboardControl
  - UIViewController+BHTKeyboardAnimationBlocks (~> 0.0.2)

SPEC CHECKSUMS:
  Alamofire: dc44b1600b800eb63da6a19039a0083d62a6a62d
  EZAlertController: 633be01320bed47720be54054df47667d61c2481
  Networking: e2c42013296d093e4249f8247acb08e36958a11a
  SkyFloatingLabelTextField: 26a92ad407044dd5a7c3e4e348738ff0991514fe
  TKKeyboardControl: 32a07ab35fa0540062b22e323776d7fb0a8fb48a
  UIViewController+BHTKeyboardAnimationBlocks: 4996f7909cb141f19e9544720e5bb79de20e4db9

PODFILE CHECKSUM: 964d4e6ec1c5daad9028dcae7ddc64051634a10e

COCOAPODS: 1.2.1
