// !$*UTF8*$!
{
	archiveVersion = 1;
	classes = {
	};
	objectVersion = 46;
	objects = {

/* Begin PBXBuildFile section */
		3C1DE6EA1ECCDC47005543A9 /* SyncAPI.swift in Sources */ = {isa = PBXBuildFile; fileRef = 3C1DE6E91ECCDC47005543A9 /* SyncAPI.swift */; };
		3C1EFF141EB5DABE003D6CE4 /* LoginViewController.swift in Sources */ = {isa = PBXBuildFile; fileRef = 3C7D7DAA1EB49BD0008AB85C /* LoginViewController.swift */; };
		3C2E4F771F0E8FD9008262C6 /* MoreOptionViewController.swift in Sources */ = {isa = PBXBuildFile; fileRef = 3C2E4F761F0E8FD9008262C6 /* MoreOptionViewController.swift */; };
		3C2E4F791F0E902A008262C6 /* AboutInstitutionTableViewCell.swift in Sources */ = {isa = PBXBuildFile; fileRef = 3C2E4F781F0E902A008262C6 /* AboutInstitutionTableViewCell.swift */; };
		3C7D7D941EB48CBC008AB85C /* AppDelegate.swift in Sources */ = {isa = PBXBuildFile; fileRef = 3C7D7D931EB48CBC008AB85C /* AppDelegate.swift */; };
		3C7D7D991EB48CBC008AB85C /* Main.storyboard in Resources */ = {isa = PBXBuildFile; fileRef = 3C7D7D971EB48CBC008AB85C /* Main.storyboard */; };
		3C7D7D9C1EB48CBC008AB85C /* Myly_Swift.xcdatamodeld in Sources */ = {isa = PBXBuildFile; fileRef = 3C7D7D9A1EB48CBC008AB85C /* Myly_Swift.xcdatamodeld */; };
		3C7D7D9E1EB48CBC008AB85C /* Assets.xcassets in Resources */ = {isa = PBXBuildFile; fileRef = 3C7D7D9D1EB48CBC008AB85C /* Assets.xcassets */; };
		3C7D7DA11EB48CBC008AB85C /* LaunchScreen.storyboard in Resources */ = {isa = PBXBuildFile; fileRef = 3C7D7D9F1EB48CBC008AB85C /* LaunchScreen.storyboard */; };
		4F9B891881737109755614A4 /* Pods_Myly_Swift.framework in Frameworks */ = {isa = PBXBuildFile; fileRef = 96E99A059177FE664B67A3BC /* Pods_Myly_Swift.framework */; };
		CB5E53031ECB1007006BB8A0 /* Alert.swift in Sources */ = {isa = PBXBuildFile; fileRef = CB5E53021ECB1007006BB8A0 /* Alert.swift */; };
		CB5E53051ECB23BC006BB8A0 /* TabBarViewController.swift in Sources */ = {isa = PBXBuildFile; fileRef = CB5E53041ECB23BC006BB8A0 /* TabBarViewController.swift */; };
		CB8139A41EC1F90F00C14AF6 /* StudentDetails+CoreDataClass.swift in Sources */ = {isa = PBXBuildFile; fileRef = CB8139A21EC1F90F00C14AF6 /* StudentDetails+CoreDataClass.swift */; };
		CB8139A51EC1F90F00C14AF6 /* StudentDetails+CoreDataProperties.swift in Sources */ = {isa = PBXBuildFile; fileRef = CB8139A31EC1F90F00C14AF6 /* StudentDetails+CoreDataProperties.swift */; };
		CB91EC901EC4624A00E6692B /* ForgotPasswordViewController.swift in Sources */ = {isa = PBXBuildFile; fileRef = CB91EC8F1EC4624A00E6692B /* ForgotPasswordViewController.swift */; };
		CB91EC921EC4922F00E6692B /* WelcomeScreenViewController.swift in Sources */ = {isa = PBXBuildFile; fileRef = CB91EC911EC4922F00E6692B /* WelcomeScreenViewController.swift */; };
		CB96E8341EB7372400139F22 /* AppConstant.swift in Sources */ = {isa = PBXBuildFile; fileRef = CB96E8331EB7372400139F22 /* AppConstant.swift */; };
		CBBE16091EB9D59900E0C9E8 /* WebAPI.swift in Sources */ = {isa = PBXBuildFile; fileRef = CBBE16081EB9D59900E0C9E8 /* WebAPI.swift */; };
		CBBE160B1EBA0BAC00E0C9E8 /* Delegate.swift in Sources */ = {isa = PBXBuildFile; fileRef = CBBE160A1EBA0BAC00E0C9E8 /* Delegate.swift */; };
		CBEC63071EBAF7B900C2B5A0 /* Reachability.swift in Sources */ = {isa = PBXBuildFile; fileRef = CBEC63061EBAF7B900C2B5A0 /* Reachability.swift */; };
/* End PBXBuildFile section */

/* Begin PBXFileReference section */
		3C1DE6E91ECCDC47005543A9 /* SyncAPI.swift */ = {isa = PBXFileReference; fileEncoding = 4; lastKnownFileType = sourcecode.swift; path = SyncAPI.swift; sourceTree = "<group>"; };
		3C2E4F761F0E8FD9008262C6 /* MoreOptionViewController.swift */ = {isa = PBXFileReference; fileEncoding = 4; lastKnownFileType = sourcecode.swift; name = MoreOptionViewController.swift; path = MoreOptions/MoreOptionViewController.swift; sourceTree = "<group>"; };
		3C2E4F781F0E902A008262C6 /* AboutInstitutionTableViewCell.swift */ = {isa = PBXFileReference; fileEncoding = 4; lastKnownFileType = sourcecode.swift; name = AboutInstitutionTableViewCell.swift; path = MoreOptions/AboutInstitutionTableViewCell.swift; sourceTree = "<group>"; };
		3C7D7D901EB48CBC008AB85C /* Myly Swift.app */ = {isa = PBXFileReference; explicitFileType = wrapper.application; includeInIndex = 0; path = "Myly Swift.app"; sourceTree = BUILT_PRODUCTS_DIR; };
		3C7D7D931EB48CBC008AB85C /* AppDelegate.swift */ = {isa = PBXFileReference; lastKnownFileType = sourcecode.swift; path = AppDelegate.swift; sourceTree = "<group>"; };
		3C7D7D981EB48CBC008AB85C /* Base */ = {isa = PBXFileReference; lastKnownFileType = file.storyboard; name = Base; path = Base.lproj/Main.storyboard; sourceTree = "<group>"; };
		3C7D7D9B1EB48CBC008AB85C /* Myly_Swift.xcdatamodel */ = {isa = PBXFileReference; lastKnownFileType = wrapper.xcdatamodel; path = Myly_Swift.xcdatamodel; sourceTree = "<group>"; };
		3C7D7D9D1EB48CBC008AB85C /* Assets.xcassets */ = {isa = PBXFileReference; lastKnownFileType = folder.assetcatalog; path = Assets.xcassets; sourceTree = "<group>"; };
		3C7D7DA01EB48CBC008AB85C /* Base */ = {isa = PBXFileReference; lastKnownFileType = file.storyboard; name = Base; path = Base.lproj/LaunchScreen.storyboard; sourceTree = "<group>"; };
		3C7D7DA21EB48CBC008AB85C /* Info.plist */ = {isa = PBXFileReference; lastKnownFileType = text.plist.xml; path = Info.plist; sourceTree = "<group>"; };
		3C7D7DAA1EB49BD0008AB85C /* LoginViewController.swift */ = {isa = PBXFileReference; fileEncoding = 4; lastKnownFileType = sourcecode.swift; name = LoginViewController.swift; path = Login/LoginViewController.swift; sourceTree = "<group>"; };
		96E99A059177FE664B67A3BC /* Pods_Myly_Swift.framework */ = {isa = PBXFileReference; explicitFileType = wrapper.framework; includeInIndex = 0; path = Pods_Myly_Swift.framework; sourceTree = BUILT_PRODUCTS_DIR; };
		ABDFA556FED13FA460A17001 /* Pods-Myly Swift.debug.xcconfig */ = {isa = PBXFileReference; includeInIndex = 1; lastKnownFileType = text.xcconfig; name = "Pods-Myly Swift.debug.xcconfig"; path = "Pods/Target Support Files/Pods-Myly Swift/Pods-Myly Swift.debug.xcconfig"; sourceTree = "<group>"; };
		CB5E53021ECB1007006BB8A0 /* Alert.swift */ = {isa = PBXFileReference; fileEncoding = 4; lastKnownFileType = sourcecode.swift; path = Alert.swift; sourceTree = "<group>"; };
		CB5E53041ECB23BC006BB8A0 /* TabBarViewController.swift */ = {isa = PBXFileReference; fileEncoding = 4; lastKnownFileType = sourcecode.swift; path = TabBarViewController.swift; sourceTree = "<group>"; };
		CB8139A21EC1F90F00C14AF6 /* StudentDetails+CoreDataClass.swift */ = {isa = PBXFileReference; fileEncoding = 4; lastKnownFileType = sourcecode.swift; name = "StudentDetails+CoreDataClass.swift"; path = "CoreData Classes/StudentDetails+CoreDataClass.swift"; sourceTree = "<group>"; };
		CB8139A31EC1F90F00C14AF6 /* StudentDetails+CoreDataProperties.swift */ = {isa = PBXFileReference; fileEncoding = 4; lastKnownFileType = sourcecode.swift; name = "StudentDetails+CoreDataProperties.swift"; path = "CoreData Classes/StudentDetails+CoreDataProperties.swift"; sourceTree = "<group>"; };
		CB91EC8F1EC4624A00E6692B /* ForgotPasswordViewController.swift */ = {isa = PBXFileReference; fileEncoding = 4; lastKnownFileType = sourcecode.swift; name = ForgotPasswordViewController.swift; path = Login/ForgotPasswordViewController.swift; sourceTree = "<group>"; };
		CB91EC911EC4922F00E6692B /* WelcomeScreenViewController.swift */ = {isa = PBXFileReference; fileEncoding = 4; lastKnownFileType = sourcecode.swift; path = WelcomeScreenViewController.swift; sourceTree = "<group>"; };
		CB96E8331EB7372400139F22 /* AppConstant.swift */ = {isa = PBXFileReference; fileEncoding = 4; lastKnownFileType = sourcecode.swift; path = AppConstant.swift; sourceTree = "<group>"; };
		CBBE16081EB9D59900E0C9E8 /* WebAPI.swift */ = {isa = PBXFileReference; fileEncoding = 4; lastKnownFileType = sourcecode.swift; name = WebAPI.swift; path = "Web API/WebAPI.swift"; sourceTree = "<group>"; };
		CBBE160A1EBA0BAC00E0C9E8 /* Delegate.swift */ = {isa = PBXFileReference; fileEncoding = 4; lastKnownFileType = sourcecode.swift; path = Delegate.swift; sourceTree = "<group>"; };
		CBBEEF6C1EC5852400CA722A /* Myly Swift-Bridging-Header.h */ = {isa = PBXFileReference; fileEncoding = 4; lastKnownFileType = sourcecode.c.h; path = "Myly Swift-Bridging-Header.h"; sourceTree = "<group>"; };
		CBEC63061EBAF7B900C2B5A0 /* Reachability.swift */ = {isa = PBXFileReference; fileEncoding = 4; lastKnownFileType = sourcecode.swift; path = Reachability.swift; sourceTree = "<group>"; };
		E88873A72866D8E3539AB858 /* Pods-Myly Swift.release.xcconfig */ = {isa = PBXFileReference; includeInIndex = 1; lastKnownFileType = text.xcconfig; name = "Pods-Myly Swift.release.xcconfig"; path = "Pods/Target Support Files/Pods-Myly Swift/Pods-Myly Swift.release.xcconfig"; sourceTree = "<group>"; };
/* End PBXFileReference section */

/* Begin PBXFrameworksBuildPhase section */
		3C7D7D8D1EB48CBC008AB85C /* Frameworks */ = {
			isa = PBXFrameworksBuildPhase;
			buildActionMask = 2147483647;
			files = (
				4F9B891881737109755614A4 /* Pods_Myly_Swift.framework in Frameworks */,
			);
			runOnlyForDeploymentPostprocessing = 0;
		};
/* End PBXFrameworksBuildPhase section */

/* Begin PBXGroup section */
		3C1DE6E81ECCDC1E005543A9 /* API Calls */ = {
			isa = PBXGroup;
			children = (
				3C1DE6E91ECCDC47005543A9 /* SyncAPI.swift */,
			);
			name = "API Calls";
			sourceTree = "<group>";
		};
		3C2E4F751F0E8FAA008262C6 /* More Options */ = {
			isa = PBXGroup;
			children = (
				3C2E4F761F0E8FD9008262C6 /* MoreOptionViewController.swift */,
				3C2E4F781F0E902A008262C6 /* AboutInstitutionTableViewCell.swift */,
			);
			name = "More Options";
			sourceTree = "<group>";
		};
		3C7D7D871EB48CBC008AB85C = {
			isa = PBXGroup;
			children = (
				3C7D7D921EB48CBC008AB85C /* Myly Swift */,
				3C7D7D911EB48CBC008AB85C /* Products */,
				7652742A73BD6F3A968519F9 /* Pods */,
				92FAF829E2841B5A5A992C82 /* Frameworks */,
			);
			sourceTree = "<group>";
		};
		3C7D7D911EB48CBC008AB85C /* Products */ = {
			isa = PBXGroup;
			children = (
				3C7D7D901EB48CBC008AB85C /* Myly Swift.app */,
			);
			name = Products;
			sourceTree = "<group>";
		};
		3C7D7D921EB48CBC008AB85C /* Myly Swift */ = {
			isa = PBXGroup;
			children = (
				3C2E4F751F0E8FAA008262C6 /* More Options */,
				CBBEEF6D1EC5CDAA00CA722A /* StudentWall */,
				CBEC63051EBAEDB500C2B5A0 /* Common Files */,
				CBBE16071EB9C2F300E0C9E8 /* Web API */,
				3C7D7DA81EB49B9A008AB85C /* Login */,
				3C7D7D931EB48CBC008AB85C /* AppDelegate.swift */,
				3C7D7D971EB48CBC008AB85C /* Main.storyboard */,
				3C7D7D9D1EB48CBC008AB85C /* Assets.xcassets */,
				3C7D7D9F1EB48CBC008AB85C /* LaunchScreen.storyboard */,
				3C7D7DA21EB48CBC008AB85C /* Info.plist */,
				3C7D7D9A1EB48CBC008AB85C /* Myly_Swift.xcdatamodeld */,
				CBBEEF6C1EC5852400CA722A /* Myly Swift-Bridging-Header.h */,
			);
			path = "Myly Swift";
			sourceTree = "<group>";
		};
		3C7D7DA81EB49B9A008AB85C /* Login */ = {
			isa = PBXGroup;
			children = (
				CB91EC911EC4922F00E6692B /* WelcomeScreenViewController.swift */,
				3C7D7DAA1EB49BD0008AB85C /* LoginViewController.swift */,
				CB91EC8F1EC4624A00E6692B /* ForgotPasswordViewController.swift */,
			);
			name = Login;
			sourceTree = "<group>";
		};
		7652742A73BD6F3A968519F9 /* Pods */ = {
			isa = PBXGroup;
			children = (
				ABDFA556FED13FA460A17001 /* Pods-Myly Swift.debug.xcconfig */,
				E88873A72866D8E3539AB858 /* Pods-Myly Swift.release.xcconfig */,
			);
			name = Pods;
			sourceTree = "<group>";
		};
		92FAF829E2841B5A5A992C82 /* Frameworks */ = {
			isa = PBXGroup;
			children = (
				96E99A059177FE664B67A3BC /* Pods_Myly_Swift.framework */,
			);
			name = Frameworks;
			sourceTree = "<group>";
		};
		CB8139961EC19B0100C14AF6 /* CoreData Classes */ = {
			isa = PBXGroup;
			children = (
				CB8139A21EC1F90F00C14AF6 /* StudentDetails+CoreDataClass.swift */,
				CB8139A31EC1F90F00C14AF6 /* StudentDetails+CoreDataProperties.swift */,
			);
			name = "CoreData Classes";
			sourceTree = "<group>";
		};
		CBBE16071EB9C2F300E0C9E8 /* Web API */ = {
			isa = PBXGroup;
			children = (
				CBBE16081EB9D59900E0C9E8 /* WebAPI.swift */,
			);
			name = "Web API";
			sourceTree = "<group>";
		};
		CBBEEF6D1EC5CDAA00CA722A /* StudentWall */ = {
			isa = PBXGroup;
			children = (
				3C1DE6E81ECCDC1E005543A9 /* API Calls */,
				CB5E53041ECB23BC006BB8A0 /* TabBarViewController.swift */,
			);
			name = StudentWall;
			sourceTree = "<group>";
		};
		CBEC63051EBAEDB500C2B5A0 /* Common Files */ = {
			isa = PBXGroup;
			children = (
				CB8139961EC19B0100C14AF6 /* CoreData Classes */,
				CBBE160A1EBA0BAC00E0C9E8 /* Delegate.swift */,
				CB96E8331EB7372400139F22 /* AppConstant.swift */,
				CBEC63061EBAF7B900C2B5A0 /* Reachability.swift */,
				CB5E53021ECB1007006BB8A0 /* Alert.swift */,
			);
			name = "Common Files";
			sourceTree = "<group>";
		};
/* End PBXGroup section */

/* Begin PBXNativeTarget section */
		3C7D7D8F1EB48CBC008AB85C /* Myly Swift */ = {
			isa = PBXNativeTarget;
			buildConfigurationList = 3C7D7DA51EB48CBC008AB85C /* Build configuration list for PBXNativeTarget "Myly Swift" */;
			buildPhases = (
				F90305B4AEE3C2B01BC5807C /* [CP] Check Pods Manifest.lock */,
				3C7D7D8C1EB48CBC008AB85C /* Sources */,
				3C7D7D8D1EB48CBC008AB85C /* Frameworks */,
				3C7D7D8E1EB48CBC008AB85C /* Resources */,
				B90B67CA321695A972173A00 /* [CP] Embed Pods Frameworks */,
				1F785674157FF7A3F9F59BB8 /* [CP] Copy Pods Resources */,
			);
			buildRules = (
			);
			dependencies = (
			);
			name = "Myly Swift";
			productName = "Myly Swift";
			productReference = 3C7D7D901EB48CBC008AB85C /* Myly Swift.app */;
			productType = "com.apple.product-type.application";
		};
/* End PBXNativeTarget section */

/* Begin PBXProject section */
		3C7D7D881EB48CBC008AB85C /* Project object */ = {
			isa = PBXProject;
			attributes = {
				LastSwiftUpdateCheck = 0800;
				LastUpgradeCheck = 0830;
				ORGANIZATIONNAME = "EduCommerce Technologies";
				TargetAttributes = {
					3C7D7D8F1EB48CBC008AB85C = {
						CreatedOnToolsVersion = 8.0;
						DevelopmentTeam = TDY7C42B99;
						ProvisioningStyle = Automatic;
					};
				};
			};
			buildConfigurationList = 3C7D7D8B1EB48CBC008AB85C /* Build configuration list for PBXProject "Myly Swift" */;
			compatibilityVersion = "Xcode 3.2";
			developmentRegion = English;
			hasScannedForEncodings = 0;
			knownRegions = (
				en,
				Base,
			);
			mainGroup = 3C7D7D871EB48CBC008AB85C;
			productRefGroup = 3C7D7D911EB48CBC008AB85C /* Products */;
			projectDirPath = "";
			projectRoot = "";
			targets = (
				3C7D7D8F1EB48CBC008AB85C /* Myly Swift */,
			);
		};
/* End PBXProject section */

/* Begin PBXResourcesBuildPhase section */
		3C7D7D8E1EB48CBC008AB85C /* Resources */ = {
			isa = PBXResourcesBuildPhase;
			buildActionMask = 2147483647;
			files = (
				3C7D7DA11EB48CBC008AB85C /* LaunchScreen.storyboard in Resources */,
				3C7D7D9E1EB48CBC008AB85C /* Assets.xcassets in Resources */,
				3C7D7D991EB48CBC008AB85C /* Main.storyboard in Resources */,
			);
			runOnlyForDeploymentPostprocessing = 0;
		};
/* End PBXResourcesBuildPhase section */

/* Begin PBXShellScriptBuildPhase section */
		1F785674157FF7A3F9F59BB8 /* [CP] Copy Pods Resources */ = {
			isa = PBXShellScriptBuildPhase;
			buildActionMask = 2147483647;
			files = (
			);
			inputPaths = (
			);
			name = "[CP] Copy Pods Resources";
			outputPaths = (
			);
			runOnlyForDeploymentPostprocessing = 0;
			shellPath = /bin/sh;
			shellScript = "\"${SRCROOT}/Pods/Target Support Files/Pods-Myly Swift/Pods-Myly Swift-resources.sh\"\n";
			showEnvVarsInLog = 0;
		};
		B90B67CA321695A972173A00 /* [CP] Embed Pods Frameworks */ = {
			isa = PBXShellScriptBuildPhase;
			buildActionMask = 2147483647;
			files = (
			);
			inputPaths = (
			);
			name = "[CP] Embed Pods Frameworks";
			outputPaths = (
			);
			runOnlyForDeploymentPostprocessing = 0;
			shellPath = /bin/sh;
			shellScript = "\"${SRCROOT}/Pods/Target Support Files/Pods-Myly Swift/Pods-Myly Swift-frameworks.sh\"\n";
			showEnvVarsInLog = 0;
		};
		F90305B4AEE3C2B01BC5807C /* [CP] Check Pods Manifest.lock */ = {
			isa = PBXShellScriptBuildPhase;
			buildActionMask = 2147483647;
			files = (
			);
			inputPaths = (
			);
			name = "[CP] Check Pods Manifest.lock";
			outputPaths = (
			);
			runOnlyForDeploymentPostprocessing = 0;
			shellPath = /bin/sh;
			shellScript = "diff \"${PODS_PODFILE_DIR_PATH}/Podfile.lock\" \"${PODS_ROOT}/Manifest.lock\" > /dev/null\nif [ $? != 0 ] ; then\n    # print error to STDERR\n    echo \"error: The sandbox is not in sync with the Podfile.lock. Run 'pod install' or update your CocoaPods installation.\" >&2\n    exit 1\nfi\n";
			showEnvVarsInLog = 0;
		};
/* End PBXShellScriptBuildPhase section */

/* Begin PBXSourcesBuildPhase section */
		3C7D7D8C1EB48CBC008AB85C /* Sources */ = {
			isa = PBXSourcesBuildPhase;
			buildActionMask = 2147483647;
			files = (
				3C1DE6EA1ECCDC47005543A9 /* SyncAPI.swift in Sources */,
				CBEC63071EBAF7B900C2B5A0 /* Reachability.swift in Sources */,
				CBBE160B1EBA0BAC00E0C9E8 /* Delegate.swift in Sources */,
				CBBE16091EB9D59900E0C9E8 /* WebAPI.swift in Sources */,
				3C1EFF141EB5DABE003D6CE4 /* LoginViewController.swift in Sources */,
				CB5E53051ECB23BC006BB8A0 /* TabBarViewController.swift in Sources */,
				3C2E4F791F0E902A008262C6 /* AboutInstitutionTableViewCell.swift in Sources */,
				CB5E53031ECB1007006BB8A0 /* Alert.swift in Sources */,
				CB91EC921EC4922F00E6692B /* WelcomeScreenViewController.swift in Sources */,
				3C7D7D9C1EB48CBC008AB85C /* Myly_Swift.xcdatamodeld in Sources */,
				CB8139A51EC1F90F00C14AF6 /* StudentDetails+CoreDataProperties.swift in Sources */,
				CB91EC901EC4624A00E6692B /* ForgotPasswordViewController.swift in Sources */,
				3C7D7D941EB48CBC008AB85C /* AppDelegate.swift in Sources */,
				CB8139A41EC1F90F00C14AF6 /* StudentDetails+CoreDataClass.swift in Sources */,
				3C2E4F771F0E8FD9008262C6 /* MoreOptionViewController.swift in Sources */,
				CB96E8341EB7372400139F22 /* AppConstant.swift in Sources */,
			);
			runOnlyForDeploymentPostprocessing = 0;
		};
/* End PBXSourcesBuildPhase section */

/* Begin PBXVariantGroup section */
		3C7D7D971EB48CBC008AB85C /* Main.storyboard */ = {
			isa = PBXVariantGroup;
			children = (
				3C7D7D981EB48CBC008AB85C /* Base */,
			);
			name = Main.storyboard;
			sourceTree = "<group>";
		};
		3C7D7D9F1EB48CBC008AB85C /* LaunchScreen.storyboard */ = {
			isa = PBXVariantGroup;
			children = (
				3C7D7DA01EB48CBC008AB85C /* Base */,
			);
			name = LaunchScreen.storyboard;
			sourceTree = "<group>";
		};
/* End PBXVariantGroup section */

/* Begin XCBuildConfiguration section */
		3C7D7DA31EB48CBC008AB85C /* Debug */ = {
			isa = XCBuildConfiguration;
			buildSettings = {
				ALWAYS_SEARCH_USER_PATHS = NO;
				CLANG_ANALYZER_NONNULL = YES;
				CLANG_CXX_LANGUAGE_STANDARD = "gnu++0x";
				CLANG_CXX_LIBRARY = "libc++";
				CLANG_ENABLE_MODULES = YES;
				CLANG_ENABLE_OBJC_ARC = YES;
				CLANG_WARN_BOOL_CONVERSION = YES;
				CLANG_WARN_CONSTANT_CONVERSION = YES;
				CLANG_WARN_DIRECT_OBJC_ISA_USAGE = YES_ERROR;
				CLANG_WARN_DOCUMENTATION_COMMENTS = YES;
				CLANG_WARN_EMPTY_BODY = YES;
				CLANG_WARN_ENUM_CONVERSION = YES;
				CLANG_WARN_INFINITE_RECURSION = YES;
				CLANG_WARN_INT_CONVERSION = YES;
				CLANG_WARN_OBJC_ROOT_CLASS = YES_ERROR;
				CLANG_WARN_SUSPICIOUS_MOVE = YES;
				CLANG_WARN_SUSPICIOUS_MOVES = YES;
				CLANG_WARN_UNREACHABLE_CODE = YES;
				CLANG_WARN__DUPLICATE_METHOD_MATCH = YES;
				"CODE_SIGN_IDENTITY[sdk=iphoneos*]" = "iPhone Developer";
				COPY_PHASE_STRIP = NO;
				DEBUG_INFORMATION_FORMAT = dwarf;
				ENABLE_STRICT_OBJC_MSGSEND = YES;
				ENABLE_TESTABILITY = YES;
				GCC_C_LANGUAGE_STANDARD = gnu99;
				GCC_DYNAMIC_NO_PIC = NO;
				GCC_NO_COMMON_BLOCKS = YES;
				GCC_OPTIMIZATION_LEVEL = 0;
				GCC_PREPROCESSOR_DEFINITIONS = (
					"DEBUG=1",
					"$(inherited)",
				);
				GCC_WARN_64_TO_32_BIT_CONVERSION = YES;
				GCC_WARN_ABOUT_RETURN_TYPE = YES_ERROR;
				GCC_WARN_UNDECLARED_SELECTOR = YES;
				GCC_WARN_UNINITIALIZED_AUTOS = YES_AGGRESSIVE;
				GCC_WARN_UNUSED_FUNCTION = YES;
				GCC_WARN_UNUSED_VARIABLE = YES;
				IPHONEOS_DEPLOYMENT_TARGET = 10.0;
				MTL_ENABLE_DEBUG_INFO = YES;
				ONLY_ACTIVE_ARCH = YES;
				SDKROOT = iphoneos;
				SWIFT_ACTIVE_COMPILATION_CONDITIONS = DEBUG;
				SWIFT_OPTIMIZATION_LEVEL = "-Onone";
			};
			name = Debug;
		};
		3C7D7DA41EB48CBC008AB85C /* Release */ = {
			isa = XCBuildConfiguration;
			buildSettings = {
				ALWAYS_SEARCH_USER_PATHS = NO;
				CLANG_ANALYZER_NONNULL = YES;
				CLANG_CXX_LANGUAGE_STANDARD = "gnu++0x";
				CLANG_CXX_LIBRARY = "libc++";
				CLANG_ENABLE_MODULES = YES;
				CLANG_ENABLE_OBJC_ARC = YES;
				CLANG_WARN_BOOL_CONVERSION = YES;
				CLANG_WARN_CONSTANT_CONVERSION = YES;
				CLANG_WARN_DIRECT_OBJC_ISA_USAGE = YES_ERROR;
				CLANG_WARN_DOCUMENTATION_COMMENTS = YES;
				CLANG_WARN_EMPTY_BODY = YES;
				CLANG_WARN_ENUM_CONVERSION = YES;
				CLANG_WARN_INFINITE_RECURSION = YES;
				CLANG_WARN_INT_CONVERSION = YES;
				CLANG_WARN_OBJC_ROOT_CLASS = YES_ERROR;
				CLANG_WARN_SUSPICIOUS_MOVE = YES;
				CLANG_WARN_SUSPICIOUS_MOVES = YES;
				CLANG_WARN_UNREACHABLE_CODE = YES;
				CLANG_WARN__DUPLICATE_METHOD_MATCH = YES;
				"CODE_SIGN_IDENTITY[sdk=iphoneos*]" = "iPhone Developer";
				COPY_PHASE_STRIP = NO;
				DEBUG_INFORMATION_FORMAT = "dwarf-with-dsym";
				ENABLE_NS_ASSERTIONS = NO;
				ENABLE_STRICT_OBJC_MSGSEND = YES;
				GCC_C_LANGUAGE_STANDARD = gnu99;
				GCC_NO_COMMON_BLOCKS = YES;
				GCC_WARN_64_TO_32_BIT_CONVERSION = YES;
				GCC_WARN_ABOUT_RETURN_TYPE = YES_ERROR;
				GCC_WARN_UNDECLARED_SELECTOR = YES;
				GCC_WARN_UNINITIALIZED_AUTOS = YES_AGGRESSIVE;
				GCC_WARN_UNUSED_FUNCTION = YES;
				GCC_WARN_UNUSED_VARIABLE = YES;
				IPHONEOS_DEPLOYMENT_TARGET = 10.0;
				MTL_ENABLE_DEBUG_INFO = NO;
				SDKROOT = iphoneos;
				SWIFT_OPTIMIZATION_LEVEL = "-Owholemodule";
				VALIDATE_PRODUCT = YES;
			};
			name = Release;
		};
		3C7D7DA61EB48CBC008AB85C /* Debug */ = {
			isa = XCBuildConfiguration;
			baseConfigurationReference = ABDFA556FED13FA460A17001 /* Pods-Myly Swift.debug.xcconfig */;
			buildSettings = {
				ASSETCATALOG_COMPILER_APPICON_NAME = AppIcon;
				DEVELOPMENT_TEAM = TDY7C42B99;
				FRAMEWORK_SEARCH_PATHS = (
					"$(inherited)",
					"\"$PODS_CONFIGURATION_BUILD_DIR/ASToast\"",
					"\"$PODS_CONFIGURATION_BUILD_DIR/Alamofire\"",
					"\"$PODS_CONFIGURATION_BUILD_DIR/Alertift\"",
					"\"$PODS_CONFIGURATION_BUILD_DIR/INSPersistentContainer\"",
					"\"$PODS_CONFIGURATION_BUILD_DIR/SkyFloatingLabelTextField\"",
					"\"$PODS_CONFIGURATION_BUILD_DIR/TKKeyboardControl\"",
				);
				INFOPLIST_FILE = "Myly Swift/Info.plist";
				IPHONEOS_DEPLOYMENT_TARGET = 9.0;
				LD_RUNPATH_SEARCH_PATHS = "$(inherited) @executable_path/Frameworks";
				PRODUCT_BUNDLE_IDENTIFIER = "com.myly.Myly-Swift";
				PRODUCT_NAME = "$(TARGET_NAME)";
				SWIFT_OBJC_BRIDGING_HEADER = "/Users/rohitax/Desktop/Swift-Project-master/Myly Swift/Myly Swift-Bridging-Header.h";
				SWIFT_OBJC_INTERFACE_HEADER_NAME = "$(SWIFT_MODULE_NAME)-Swift.h";
				SWIFT_VERSION = 3.0;
				USER_HEADER_SEARCH_PATHS = "Pods/**";
			};
			name = Debug;
		};
		3C7D7DA71EB48CBC008AB85C /* Release */ = {
			isa = XCBuildConfiguration;
			baseConfigurationReference = E88873A72866D8E3539AB858 /* Pods-Myly Swift.release.xcconfig */;
			buildSettings = {
				ASSETCATALOG_COMPILER_APPICON_NAME = AppIcon;
				DEVELOPMENT_TEAM = TDY7C42B99;
				FRAMEWORK_SEARCH_PATHS = (
					"$(inherited)",
					"\"$PODS_CONFIGURATION_BUILD_DIR/ASToast\"",
					"\"$PODS_CONFIGURATION_BUILD_DIR/Alamofire\"",
					"\"$PODS_CONFIGURATION_BUILD_DIR/Alertift\"",
					"\"$PODS_CONFIGURATION_BUILD_DIR/INSPersistentContainer\"",
					"\"$PODS_CONFIGURATION_BUILD_DIR/SkyFloatingLabelTextField\"",
					"\"$PODS_CONFIGURATION_BUILD_DIR/TKKeyboardControl\"",
				);
				INFOPLIST_FILE = "Myly Swift/Info.plist";
				IPHONEOS_DEPLOYMENT_TARGET = 9.0;
				LD_RUNPATH_SEARCH_PATHS = "$(inherited) @executable_path/Frameworks";
				PRODUCT_BUNDLE_IDENTIFIER = "com.myly.Myly-Swift";
				PRODUCT_NAME = "$(TARGET_NAME)";
				SWIFT_OBJC_BRIDGING_HEADER = "/Users/rohitax/Desktop/Swift-Project-master/Myly Swift/Myly Swift-Bridging-Header.h";
				SWIFT_OBJC_INTERFACE_HEADER_NAME = "$(SWIFT_MODULE_NAME)-Swift.h";
				SWIFT_VERSION = 3.0;
				USER_HEADER_SEARCH_PATHS = "Pods/**";
			};
			name = Release;
		};
/* End XCBuildConfiguration section */

/* Begin XCConfigurationList section */
		3C7D7D8B1EB48CBC008AB85C /* Build configuration list for PBXProject "Myly Swift" */ = {
			isa = XCConfigurationList;
			buildConfigurations = (
				3C7D7DA31EB48CBC008AB85C /* Debug */,
				3C7D7DA41EB48CBC008AB85C /* Release */,
			);
			defaultConfigurationIsVisible = 0;
			defaultConfigurationName = Release;
		};
		3C7D7DA51EB48CBC008AB85C /* Build configuration list for PBXNativeTarget "Myly Swift" */ = {
			isa = XCConfigurationList;
			buildConfigurations = (
				3C7D7DA61EB48CBC008AB85C /* Debug */,
				3C7D7DA71EB48CBC008AB85C /* Release */,
			);
			defaultConfigurationIsVisible = 0;
			defaultConfigurationName = Release;
		};
/* End XCConfigurationList section */

/* Begin XCVersionGroup section */
		3C7D7D9A1EB48CBC008AB85C /* Myly_Swift.xcdatamodeld */ = {
			isa = XCVersionGroup;
			children = (
				3C7D7D9B1EB48CBC008AB85C /* Myly_Swift.xcdatamodel */,
			);
			currentVersion = 3C7D7D9B1EB48CBC008AB85C /* Myly_Swift.xcdatamodel */;
			path = Myly_Swift.xcdatamodeld;
			sourceTree = "<group>";
			versionGroupType = wrapper.xcdatamodel;
		};
/* End XCVersionGroup section */
	};
	rootObject = 3C7D7D881EB48CBC008AB85C /* Project object */;
}
